
Microsoft Visual Studio Solution File, Format Version 12.00
# Visual Studio 15
VisualStudioVersion = 15.0.27428.2011
MinimumVisualStudioVersion = 10.0.40219.1
Project("{8BC9CEB8-8B4A-11D0-8D11-00A0C91BC942}") = "Project20", "Project20\Project20.vcxproj", "{E3FE4B38-970D-40BE-BEC3-24EAA2B65FDF}"
EndProject
Global
	GlobalSection(SolutionConfigurationPlatforms) = preSolution
		Debug|x64 = Debug|x64
		Debug|x86 = Debug|x86
		Release|x64 = Release|x64
		Release|x86 = Release|x86
	EndGlobalSection
	GlobalSection(ProjectConfigurationPlatforms) = postSolution
		{E3FE4B38-970D-40BE-BEC3-24EAA2B65FDF}.Debug|x64.ActiveCfg = Debug|x64
		{E3FE4B38-970D-40BE-BEC3-24EAA2B65FDF}.Debug|x64.Build.0 = Debug|x64
		{E3FE4B38-970D-40BE-BEC3-24EAA2B65FDF}.Debug|x86.ActiveCfg = Debug|Win32
		{E3FE4B38-970D-40BE-BEC3-24EAA2B65FDF}.Debug|x86.Build.0 = Debug|Win32
		{E3FE4B38-970D-40BE-BEC3-24EAA2B65FDF}.Release|x64.ActiveCfg = Release|x64
		{E3FE4B38-970D-40BE-BEC3-24EAA2B65FDF}.Release|x64.Build.0 = Release|x64
		{E3FE4B38-970D-40BE-BEC3-24EAA2B65FDF}.Release|x86.ActiveCfg = Release|Win32
		{E3FE4B38-970D-40BE-BEC3-24EAA2B65FDF}.Release|x86.Build.0 = Release|Win32
	EndGlobalSection
	GlobalSection(SolutionProperties) = preSolution
		HideSolutionNode = FALSE
	EndGlobalSection
	GlobalSection(ExtensibilityGlobals) = postSolution
		SolutionGuid = {8373FB55-9A92-47EA-BBF3-A71F886D5B6E}
	EndGlobalSection
EndGlobal
